// !$*UTF8*$!
{
	archiveVersion = 1;
	classes = {
	};
	objectVersion = 56;
	objects = {

/* Begin PBXBuildFile section */
		6D0581182BCA84AD00130439 /* AppDelegate.swift in Sources */ = {isa = PBXBuildFile; fileRef = 6D0581172BCA84AD00130439 /* AppDelegate.swift */; };
		6D05811A2BCA84AD00130439 /* SceneDelegate.swift in Sources */ = {isa = PBXBuildFile; fileRef = 6D0581192BCA84AD00130439 /* SceneDelegate.swift */; };
		6D05811C2BCA84AD00130439 /* StudentDetailViewController.swift in Sources */ = {isa = PBXBuildFile; fileRef = 6D05811B2BCA84AD00130439 /* StudentDetailViewController.swift */; };
		6D0581212BCA84AF00130439 /* Assets.xcassets in Resources */ = {isa = PBXBuildFile; fileRef = 6D0581202BCA84AF00130439 /* Assets.xcassets */; };
		6D0581242BCA84AF00130439 /* Base in Resources */ = {isa = PBXBuildFile; fileRef = 6D0581232BCA84AF00130439 /* Base */; };
		6D05812C2BCA855700130439 /* StudentsTableViewController.swift in Sources */ = {isa = PBXBuildFile; fileRef = 6D05812B2BCA855700130439 /* StudentsTableViewController.swift */; };
		6D05812E2BCF182700130439 /* MonthLessonsViewController.swift in Sources */ = {isa = PBXBuildFile; fileRef = 6D05812D2BCF182700130439 /* MonthLessonsViewController.swift */; };
		6D0581302BCFBFBA00130439 /* StudentTableViewCell.swift in Sources */ = {isa = PBXBuildFile; fileRef = 6D05812F2BCFBFBA00130439 /* StudentTableViewCell.swift */; };
		6D0581322BD1633400130439 /* StudentModel.swift in Sources */ = {isa = PBXBuildFile; fileRef = 6D0581312BD1633400130439 /* StudentModel.swift */; };
		6D0581382BD1A32900130439 /* SnapKit in Frameworks */ = {isa = PBXBuildFile; productRef = 6D0581372BD1A32900130439 /* SnapKit */; };
		6D05813A2BD1A32900130439 /* SnapKit-Dynamic in Frameworks */ = {isa = PBXBuildFile; productRef = 6D0581392BD1A32900130439 /* SnapKit-Dynamic */; };
		6D05813C2BD2A36B00130439 /* StudentCardViewController.swift in Sources */ = {isa = PBXBuildFile; fileRef = 6D05813B2BD2A36B00130439 /* StudentCardViewController.swift */; };
		6D05813E2BD9175300130439 /* PaidMonthCell.swift in Sources */ = {isa = PBXBuildFile; fileRef = 6D05813D2BD9175300130439 /* PaidMonthCell.swift */; };
		6D0581402BD975EA00130439 /* StudentDetailViewControllerExtensions.swift in Sources */ = {isa = PBXBuildFile; fileRef = 6D05813F2BD975EA00130439 /* StudentDetailViewControllerExtensions.swift */; };
		6D0581492BDFCCED00130439 /* SchedulePicker.swift in Sources */ = {isa = PBXBuildFile; fileRef = 6D0581482BDFCCED00130439 /* SchedulePicker.swift */; };
		6D05814B2BDFF5B200130439 /* MonthsTableViewController.swift in Sources */ = {isa = PBXBuildFile; fileRef = 6D05814A2BDFF5B200130439 /* MonthsTableViewController.swift */; };
/* End PBXBuildFile section */

/* Begin PBXFileReference section */
		6D0581142BCA84AD00130439 /* Accounting.app */ = {isa = PBXFileReference; explicitFileType = wrapper.application; includeInIndex = 0; path = Accounting.app; sourceTree = BUILT_PRODUCTS_DIR; };
		6D0581172BCA84AD00130439 /* AppDelegate.swift */ = {isa = PBXFileReference; lastKnownFileType = sourcecode.swift; path = AppDelegate.swift; sourceTree = "<group>"; };
		6D0581192BCA84AD00130439 /* SceneDelegate.swift */ = {isa = PBXFileReference; lastKnownFileType = sourcecode.swift; path = SceneDelegate.swift; sourceTree = "<group>"; };
		6D05811B2BCA84AD00130439 /* StudentDetailViewController.swift */ = {isa = PBXFileReference; lastKnownFileType = sourcecode.swift; path = StudentDetailViewController.swift; sourceTree = "<group>"; };
		6D0581202BCA84AF00130439 /* Assets.xcassets */ = {isa = PBXFileReference; lastKnownFileType = folder.assetcatalog; path = Assets.xcassets; sourceTree = "<group>"; };
		6D0581232BCA84AF00130439 /* Base */ = {isa = PBXFileReference; lastKnownFileType = file.storyboard; name = Base; path = Base.lproj/LaunchScreen.storyboard; sourceTree = "<group>"; };
		6D0581252BCA84AF00130439 /* Info.plist */ = {isa = PBXFileReference; lastKnownFileType = text.plist.xml; path = Info.plist; sourceTree = "<group>"; };
		6D05812B2BCA855700130439 /* StudentsTableViewController.swift */ = {isa = PBXFileReference; lastKnownFileType = sourcecode.swift; path = StudentsTableViewController.swift; sourceTree = "<group>"; };
		6D05812D2BCF182700130439 /* MonthLessonsViewController.swift */ = {isa = PBXFileReference; lastKnownFileType = sourcecode.swift; path = MonthLessonsViewController.swift; sourceTree = "<group>"; };
		6D05812F2BCFBFBA00130439 /* StudentTableViewCell.swift */ = {isa = PBXFileReference; lastKnownFileType = sourcecode.swift; path = StudentTableViewCell.swift; sourceTree = "<group>"; };
		6D0581312BD1633400130439 /* StudentModel.swift */ = {isa = PBXFileReference; lastKnownFileType = sourcecode.swift; path = StudentModel.swift; sourceTree = "<group>"; };
		6D05813B2BD2A36B00130439 /* StudentCardViewController.swift */ = {isa = PBXFileReference; lastKnownFileType = sourcecode.swift; path = StudentCardViewController.swift; sourceTree = "<group>"; };
		6D05813D2BD9175300130439 /* PaidMonthCell.swift */ = {isa = PBXFileReference; lastKnownFileType = sourcecode.swift; path = PaidMonthCell.swift; sourceTree = "<group>"; };
		6D05813F2BD975EA00130439 /* StudentDetailViewControllerExtensions.swift */ = {isa = PBXFileReference; lastKnownFileType = sourcecode.swift; path = StudentDetailViewControllerExtensions.swift; sourceTree = "<group>"; };
		6D0581482BDFCCED00130439 /* SchedulePicker.swift */ = {isa = PBXFileReference; lastKnownFileType = sourcecode.swift; path = SchedulePicker.swift; sourceTree = "<group>"; };
		6D05814A2BDFF5B200130439 /* MonthsTableViewController.swift */ = {isa = PBXFileReference; lastKnownFileType = sourcecode.swift; path = MonthsTableViewController.swift; sourceTree = "<group>"; };
/* End PBXFileReference section */

/* Begin PBXFrameworksBuildPhase section */
		6D0581112BCA84AD00130439 /* Frameworks */ = {
			isa = PBXFrameworksBuildPhase;
			buildActionMask = 2147483647;
			files = (
				6D0581382BD1A32900130439 /* SnapKit in Frameworks */,
				6D05813A2BD1A32900130439 /* SnapKit-Dynamic in Frameworks */,
			);
			runOnlyForDeploymentPostprocessing = 0;
		};
/* End PBXFrameworksBuildPhase section */

/* Begin PBXGroup section */
		6D05810B2BCA84AD00130439 = {
			isa = PBXGroup;
			children = (
				6D0581162BCA84AD00130439 /* Accounting */,
				6D0581332BD1634B00130439 /* Model */,
				6D0581342BD1639400130439 /* View */,
				6D0581352BD163B100130439 /* Controllers */,
				6D0581412BD9782F00130439 /* Extensions */,
				6D0581482BDFCCED00130439 /* SchedulePicker.swift */,
				6D0581152BCA84AD00130439 /* Products */,
			);
			sourceTree = "<group>";
		};
		6D0581152BCA84AD00130439 /* Products */ = {
			isa = PBXGroup;
			children = (
				6D0581142BCA84AD00130439 /* Accounting.app */,
			);
			name = Products;
			sourceTree = "<group>";
		};
		6D0581162BCA84AD00130439 /* Accounting */ = {
			isa = PBXGroup;
			children = (
				6D0581172BCA84AD00130439 /* AppDelegate.swift */,
				6D0581222BCA84AF00130439 /* LaunchScreen.storyboard */,
				6D0581252BCA84AF00130439 /* Info.plist */,
				6D0581202BCA84AF00130439 /* Assets.xcassets */,
				6D0581192BCA84AD00130439 /* SceneDelegate.swift */,
			);
			path = Accounting;
			sourceTree = "<group>";
		};
		6D0581332BD1634B00130439 /* Model */ = {
			isa = PBXGroup;
			children = (
				6D0581312BD1633400130439 /* StudentModel.swift */,
			);
			path = Model;
			sourceTree = "<group>";
		};
		6D0581342BD1639400130439 /* View */ = {
			isa = PBXGroup;
			children = (
				6D05812F2BCFBFBA00130439 /* StudentTableViewCell.swift */,
				6D05813D2BD9175300130439 /* PaidMonthCell.swift */,
			);
			path = View;
			sourceTree = "<group>";
		};
		6D0581352BD163B100130439 /* Controllers */ = {
			isa = PBXGroup;
			children = (
				6D05812B2BCA855700130439 /* StudentsTableViewController.swift */,
				6D05813B2BD2A36B00130439 /* StudentCardViewController.swift */,
				6D05811B2BCA84AD00130439 /* StudentDetailViewController.swift */,
				6D05812D2BCF182700130439 /* MonthLessonsViewController.swift */,
				6D05814A2BDFF5B200130439 /* MonthsTableViewController.swift */,
			);
			path = Controllers;
			sourceTree = "<group>";
		};
		6D0581412BD9782F00130439 /* Extensions */ = {
			isa = PBXGroup;
			children = (
				6D05813F2BD975EA00130439 /* StudentDetailViewControllerExtensions.swift */,
			);
			path = Extensions;
			sourceTree = "<group>";
		};
/* End PBXGroup section */

/* Begin PBXNativeTarget section */
		6D0581132BCA84AD00130439 /* Accounting */ = {
			isa = PBXNativeTarget;
			buildConfigurationList = 6D0581282BCA84AF00130439 /* Build configuration list for PBXNativeTarget "Accounting" */;
			buildPhases = (
				6D0581102BCA84AD00130439 /* Sources */,
				6D0581112BCA84AD00130439 /* Frameworks */,
				6D0581122BCA84AD00130439 /* Resources */,
			);
			buildRules = (
			);
			dependencies = (
			);
			name = Accounting;
			packageProductDependencies = (
				6D0581372BD1A32900130439 /* SnapKit */,
				6D0581392BD1A32900130439 /* SnapKit-Dynamic */,
			);
			productName = Accounting;
			productReference = 6D0581142BCA84AD00130439 /* Accounting.app */;
			productType = "com.apple.product-type.application";
		};
/* End PBXNativeTarget section */

/* Begin PBXProject section */
		6D05810C2BCA84AD00130439 /* Project object */ = {
			isa = PBXProject;
			attributes = {
				BuildIndependentTargetsInParallel = 1;
				LastSwiftUpdateCheck = 1530;
				LastUpgradeCheck = 1530;
				TargetAttributes = {
					6D0581132BCA84AD00130439 = {
						CreatedOnToolsVersion = 15.3;
					};
				};
			};
			buildConfigurationList = 6D05810F2BCA84AD00130439 /* Build configuration list for PBXProject "Accounting" */;
			compatibilityVersion = "Xcode 14.0";
			developmentRegion = en;
			hasScannedForEncodings = 0;
			knownRegions = (
				en,
				Base,
			);
			mainGroup = 6D05810B2BCA84AD00130439;
			packageReferences = (
				6D0581362BD1A32900130439 /* XCRemoteSwiftPackageReference "SnapKit" */,
			);
			productRefGroup = 6D0581152BCA84AD00130439 /* Products */;
			projectDirPath = "";
			projectRoot = "";
			targets = (
				6D0581132BCA84AD00130439 /* Accounting */,
			);
		};
/* End PBXProject section */

/* Begin PBXResourcesBuildPhase section */
		6D0581122BCA84AD00130439 /* Resources */ = {
			isa = PBXResourcesBuildPhase;
			buildActionMask = 2147483647;
			files = (
				6D0581212BCA84AF00130439 /* Assets.xcassets in Resources */,
				6D0581242BCA84AF00130439 /* Base in Resources */,
			);
			runOnlyForDeploymentPostprocessing = 0;
		};
/* End PBXResourcesBuildPhase section */

/* Begin PBXSourcesBuildPhase section */
		6D0581102BCA84AD00130439 /* Sources */ = {
			isa = PBXSourcesBuildPhase;
			buildActionMask = 2147483647;
			files = (
				6D0581322BD1633400130439 /* StudentModel.swift in Sources */,
				6D05812E2BCF182700130439 /* MonthLessonsViewController.swift in Sources */,
				6D05814B2BDFF5B200130439 /* MonthsTableViewController.swift in Sources */,
				6D05811C2BCA84AD00130439 /* StudentDetailViewController.swift in Sources */,
				6D0581402BD975EA00130439 /* StudentDetailViewControllerExtensions.swift in Sources */,
				6D05813C2BD2A36B00130439 /* StudentCardViewController.swift in Sources */,
				6D05813E2BD9175300130439 /* PaidMonthCell.swift in Sources */,
				6D0581182BCA84AD00130439 /* AppDelegate.swift in Sources */,
				6D05811A2BCA84AD00130439 /* SceneDelegate.swift in Sources */,
				6D05812C2BCA855700130439 /* StudentsTableViewController.swift in Sources */,
				6D0581492BDFCCED00130439 /* SchedulePicker.swift in Sources */,
				6D0581302BCFBFBA00130439 /* StudentTableViewCell.swift in Sources */,
			);
			runOnlyForDeploymentPostprocessing = 0;
		};
/* End PBXSourcesBuildPhase section */

/* Begin PBXVariantGroup section */
		6D0581222BCA84AF00130439 /* LaunchScreen.storyboard */ = {
			isa = PBXVariantGroup;
			children = (
				6D0581232BCA84AF00130439 /* Base */,
			);
			name = LaunchScreen.storyboard;
			sourceTree = "<group>";
		};
/* End PBXVariantGroup section */

/* Begin XCBuildConfiguration section */
		6D0581262BCA84AF00130439 /* Debug */ = {
			isa = XCBuildConfiguration;
			buildSettings = {
				ALWAYS_SEARCH_USER_PATHS = NO;
				ASSETCATALOG_COMPILER_GENERATE_SWIFT_ASSET_SYMBOL_EXTENSIONS = YES;
				CLANG_ANALYZER_NONNULL = YES;
				CLANG_ANALYZER_NUMBER_OBJECT_CONVERSION = YES_AGGRESSIVE;
				CLANG_CXX_LANGUAGE_STANDARD = "gnu++20";
				CLANG_ENABLE_MODULES = YES;
				CLANG_ENABLE_OBJC_ARC = YES;
				CLANG_ENABLE_OBJC_WEAK = YES;
				CLANG_WARN_BLOCK_CAPTURE_AUTORELEASING = YES;
				CLANG_WARN_BOOL_CONVERSION = YES;
				CLANG_WARN_COMMA = YES;
				CLANG_WARN_CONSTANT_CONVERSION = YES;
				CLANG_WARN_DEPRECATED_OBJC_IMPLEMENTATIONS = YES;
				CLANG_WARN_DIRECT_OBJC_ISA_USAGE = YES_ERROR;
				CLANG_WARN_DOCUMENTATION_COMMENTS = YES;
				CLANG_WARN_EMPTY_BODY = YES;
				CLANG_WARN_ENUM_CONVERSION = YES;
				CLANG_WARN_INFINITE_RECURSION = YES;
				CLANG_WARN_INT_CONVERSION = YES;
				CLANG_WARN_NON_LITERAL_NULL_CONVERSION = YES;
				CLANG_WARN_OBJC_IMPLICIT_RETAIN_SELF = YES;
				CLANG_WARN_OBJC_LITERAL_CONVERSION = YES;
				CLANG_WARN_OBJC_ROOT_CLASS = YES_ERROR;
				CLANG_WARN_QUOTED_INCLUDE_IN_FRAMEWORK_HEADER = YES;
				CLANG_WARN_RANGE_LOOP_ANALYSIS = YES;
				CLANG_WARN_STRICT_PROTOTYPES = YES;
				CLANG_WARN_SUSPICIOUS_MOVE = YES;
				CLANG_WARN_UNGUARDED_AVAILABILITY = YES_AGGRESSIVE;
				CLANG_WARN_UNREACHABLE_CODE = YES;
				CLANG_WARN__DUPLICATE_METHOD_MATCH = YES;
				COPY_PHASE_STRIP = NO;
				DEBUG_INFORMATION_FORMAT = dwarf;
				ENABLE_STRICT_OBJC_MSGSEND = YES;
				ENABLE_TESTABILITY = YES;
				ENABLE_USER_SCRIPT_SANDBOXING = YES;
				GCC_C_LANGUAGE_STANDARD = gnu17;
				GCC_DYNAMIC_NO_PIC = NO;
				GCC_NO_COMMON_BLOCKS = YES;
				GCC_OPTIMIZATION_LEVEL = 0;
				GCC_PREPROCESSOR_DEFINITIONS = (
					"DEBUG=1",
					"$(inherited)",
				);
				GCC_WARN_64_TO_32_BIT_CONVERSION = YES;
				GCC_WARN_ABOUT_RETURN_TYPE = YES_ERROR;
				GCC_WARN_UNDECLARED_SELECTOR = YES;
				GCC_WARN_UNINITIALIZED_AUTOS = YES_AGGRESSIVE;
				GCC_WARN_UNUSED_FUNCTION = YES;
				GCC_WARN_UNUSED_VARIABLE = YES;
				IPHONEOS_DEPLOYMENT_TARGET = 17.4;
				LOCALIZATION_PREFERS_STRING_CATALOGS = YES;
				MTL_ENABLE_DEBUG_INFO = INCLUDE_SOURCE;
				MTL_FAST_MATH = YES;
				ONLY_ACTIVE_ARCH = YES;
				SDKROOT = iphoneos;
				SWIFT_ACTIVE_COMPILATION_CONDITIONS = "DEBUG $(inherited)";
				SWIFT_OPTIMIZATION_LEVEL = "-Onone";
			};
			name = Debug;
		};
		6D0581272BCA84AF00130439 /* Release */ = {
			isa = XCBuildConfiguration;
			buildSettings = {
				ALWAYS_SEARCH_USER_PATHS = NO;
				ASSETCATALOG_COMPILER_GENERATE_SWIFT_ASSET_SYMBOL_EXTENSIONS = YES;
				CLANG_ANALYZER_NONNULL = YES;
				CLANG_ANALYZER_NUMBER_OBJECT_CONVERSION = YES_AGGRESSIVE;
				CLANG_CXX_LANGUAGE_STANDARD = "gnu++20";
				CLANG_ENABLE_MODULES = YES;
				CLANG_ENABLE_OBJC_ARC = YES;
				CLANG_ENABLE_OBJC_WEAK = YES;
				CLANG_WARN_BLOCK_CAPTURE_AUTORELEASING = YES;
				CLANG_WARN_BOOL_CONVERSION = YES;
				CLANG_WARN_COMMA = YES;
				CLANG_WARN_CONSTANT_CONVERSION = YES;
				CLANG_WARN_DEPRECATED_OBJC_IMPLEMENTATIONS = YES;
				CLANG_WARN_DIRECT_OBJC_ISA_USAGE = YES_ERROR;
				CLANG_WARN_DOCUMENTATION_COMMENTS = YES;
				CLANG_WARN_EMPTY_BODY = YES;
				CLANG_WARN_ENUM_CONVERSION = YES;
				CLANG_WARN_INFINITE_RECURSION = YES;
				CLANG_WARN_INT_CONVERSION = YES;
				CLANG_WARN_NON_LITERAL_NULL_CONVERSION = YES;
				CLANG_WARN_OBJC_IMPLICIT_RETAIN_SELF = YES;
				CLANG_WARN_OBJC_LITERAL_CONVERSION = YES;
				CLANG_WARN_OBJC_ROOT_CLASS = YES_ERROR;
				CLANG_WARN_QUOTED_INCLUDE_IN_FRAMEWORK_HEADER = YES;
				CLANG_WARN_RANGE_LOOP_ANALYSIS = YES;
				CLANG_WARN_STRICT_PROTOTYPES = YES;
				CLANG_WARN_SUSPICIOUS_MOVE = YES;
				CLANG_WARN_UNGUARDED_AVAILABILITY = YES_AGGRESSIVE;
				CLANG_WARN_UNREACHABLE_CODE = YES;
				CLANG_WARN__DUPLICATE_METHOD_MATCH = YES;
				COPY_PHASE_STRIP = NO;
				DEBUG_INFORMATION_FORMAT = "dwarf-with-dsym";
				ENABLE_NS_ASSERTIONS = NO;
				ENABLE_STRICT_OBJC_MSGSEND = YES;
				ENABLE_USER_SCRIPT_SANDBOXING = YES;
				GCC_C_LANGUAGE_STANDARD = gnu17;
				GCC_NO_COMMON_BLOCKS = YES;
				GCC_WARN_64_TO_32_BIT_CONVERSION = YES;
				GCC_WARN_ABOUT_RETURN_TYPE = YES_ERROR;
				GCC_WARN_UNDECLARED_SELECTOR = YES;
				GCC_WARN_UNINITIALIZED_AUTOS = YES_AGGRESSIVE;
				GCC_WARN_UNUSED_FUNCTION = YES;
				GCC_WARN_UNUSED_VARIABLE = YES;
				IPHONEOS_DEPLOYMENT_TARGET = 17.4;
				LOCALIZATION_PREFERS_STRING_CATALOGS = YES;
				MTL_ENABLE_DEBUG_INFO = NO;
				MTL_FAST_MATH = YES;
				SDKROOT = iphoneos;
				SWIFT_COMPILATION_MODE = wholemodule;
				VALIDATE_PRODUCT = YES;
			};
			name = Release;
		};
		6D0581292BCA84AF00130439 /* Debug */ = {
			isa = XCBuildConfiguration;
			buildSettings = {
				ASSETCATALOG_COMPILER_APPICON_NAME = AppIcon;
				ASSETCATALOG_COMPILER_GLOBAL_ACCENT_COLOR_NAME = AccentColor;
				CODE_SIGN_STYLE = Automatic;
				CURRENT_PROJECT_VERSION = 1;
				DEVELOPMENT_TEAM = PJ4TAD8N5W;
				GENERATE_INFOPLIST_FILE = YES;
				INFOPLIST_FILE = Accounting/Info.plist;
				INFOPLIST_KEY_UIApplicationSupportsIndirectInputEvents = YES;
				INFOPLIST_KEY_UILaunchStoryboardName = LaunchScreen;
				INFOPLIST_KEY_UISupportedInterfaceOrientations_iPad = "UIInterfaceOrientationPortrait UIInterfaceOrientationPortraitUpsideDown UIInterfaceOrientationLandscapeLeft UIInterfaceOrientationLandscapeRight";
				INFOPLIST_KEY_UISupportedInterfaceOrientations_iPhone = "UIInterfaceOrientationPortrait UIInterfaceOrientationLandscapeLeft UIInterfaceOrientationLandscapeRight";
				LD_RUNPATH_SEARCH_PATHS = (
					"$(inherited)",
					"@executable_path/Frameworks",
				);
				MARKETING_VERSION = 1.0;
				PRODUCT_BUNDLE_IDENTIFIER = com.markkulik.Accounting;
				PRODUCT_NAME = "$(TARGET_NAME)";
				SWIFT_EMIT_LOC_STRINGS = YES;
				SWIFT_VERSION = 5.0;
				TARGETED_DEVICE_FAMILY = "1,2";
			};
			name = Debug;
		};
		6D05812A2BCA84AF00130439 /* Release */ = {
			isa = XCBuildConfiguration;
			buildSettings = {
				ASSETCATALOG_COMPILER_APPICON_NAME = AppIcon;
				ASSETCATALOG_COMPILER_GLOBAL_ACCENT_COLOR_NAME = AccentColor;
				CODE_SIGN_STYLE = Automatic;
				CURRENT_PROJECT_VERSION = 1;
				DEVELOPMENT_TEAM = PJ4TAD8N5W;
				GENERATE_INFOPLIST_FILE = YES;
				INFOPLIST_FILE = Accounting/Info.plist;
				INFOPLIST_KEY_UIApplicationSupportsIndirectInputEvents = YES;
				INFOPLIST_KEY_UILaunchStoryboardName = LaunchScreen;
				INFOPLIST_KEY_UISupportedInterfaceOrientations_iPad = "UIInterfaceOrientationPortrait UIInterfaceOrientationPortraitUpsideDown UIInterfaceOrientationLandscapeLeft UIInterfaceOrientationLandscapeRight";
				INFOPLIST_KEY_UISupportedInterfaceOrientations_iPhone = "UIInterfaceOrientationPortrait UIInterfaceOrientationLandscapeLeft UIInterfaceOrientationLandscapeRight";
				LD_RUNPATH_SEARCH_PATHS = (
					"$(inherited)",
					"@executable_path/Frameworks",
				);
				MARKETING_VERSION = 1.0;
				PRODUCT_BUNDLE_IDENTIFIER = com.markkulik.Accounting;
				PRODUCT_NAME = "$(TARGET_NAME)";
				SWIFT_EMIT_LOC_STRINGS = YES;
				SWIFT_VERSION = 5.0;
				TARGETED_DEVICE_FAMILY = "1,2";
			};
			name = Release;
		};
/* End XCBuildConfiguration section */

/* Begin XCConfigurationList section */
		6D05810F2BCA84AD00130439 /* Build configuration list for PBXProject "Accounting" */ = {
			isa = XCConfigurationList;
			buildConfigurations = (
				6D0581262BCA84AF00130439 /* Debug */,
				6D0581272BCA84AF00130439 /* Release */,
			);
			defaultConfigurationIsVisible = 0;
			defaultConfigurationName = Release;
		};
		6D0581282BCA84AF00130439 /* Build configuration list for PBXNativeTarget "Accounting" */ = {
			isa = XCConfigurationList;
			buildConfigurations = (
				6D0581292BCA84AF00130439 /* Debug */,
				6D05812A2BCA84AF00130439 /* Release */,
			);
			defaultConfigurationIsVisible = 0;
			defaultConfigurationName = Release;
		};
/* End XCConfigurationList section */

/* Begin XCRemoteSwiftPackageReference section */
		6D0581362BD1A32900130439 /* XCRemoteSwiftPackageReference "SnapKit" */ = {
			isa = XCRemoteSwiftPackageReference;
			repositoryURL = "https://github.com/SnapKit/SnapKit";
			requirement = {
				kind = upToNextMajorVersion;
				minimumVersion = 5.7.1;
			};
		};
/* End XCRemoteSwiftPackageReference section */

/* Begin XCSwiftPackageProductDependency section */
		6D0581372BD1A32900130439 /* SnapKit */ = {
			isa = XCSwiftPackageProductDependency;
			package = 6D0581362BD1A32900130439 /* XCRemoteSwiftPackageReference "SnapKit" */;
			productName = SnapKit;
		};
		6D0581392BD1A32900130439 /* SnapKit-Dynamic */ = {
			isa = XCSwiftPackageProductDependency;
			package = 6D0581362BD1A32900130439 /* XCRemoteSwiftPackageReference "SnapKit" */;
			productName = "SnapKit-Dynamic";
		};
/* End XCSwiftPackageProductDependency section */
	};
	rootObject = 6D05810C2BCA84AD00130439 /* Project object */;
}
